
Microsoft Visual Studio Solution File, Format Version 12.00
# Visual Studio 14
VisualStudioVersion = 14.0.25420.1
MinimumVisualStudioVersion = 10.0.40219.1
Project("{FAE04EC0-301F-11D3-BF4B-00C04F79EFBC}") = "MES_2.BL", "MES_2\MES_2.BL.csproj", "{7CA3CD50-EED3-4AF6-92D7-C9BAF2F51DCC}"
EndProject
Project("{FAE04EC0-301F-11D3-BF4B-00C04F79EFBC}") = "MES_2.Common", "MES_2.Common\MES_2.Common.csproj", "{618CE14C-31FC-4E1F-AE6B-FC81A61F35C0}"
EndProject
Project("{FAE04EC0-301F-11D3-BF4B-00C04F79EFBC}") = "MES_2.DAL", "MES_2.DB\MES_2.DAL.csproj", "{1E00772A-D4B6-489D-9B15-30DA45EE1C1D}"
EndProject
Project("{FAE04EC0-301F-11D3-BF4B-00C04F79EFBC}") = "MES_2.WPF", "WPF\MES_2.WPF.csproj", "{366EDA31-01B7-41B0-858D-271D63E5E631}"
EndProject
Global
	GlobalSection(SolutionConfigurationPlatforms) = preSolution
		Debug|Any CPU = Debug|Any CPU
		Debug|x86 = Debug|x86
		Release|Any CPU = Release|Any CPU
		Release|x86 = Release|x86
	EndGlobalSection
	GlobalSection(ProjectConfigurationPlatforms) = postSolution
		{7CA3CD50-EED3-4AF6-92D7-C9BAF2F51DCC}.Debug|Any CPU.ActiveCfg = Debug|Any CPU
		{7CA3CD50-EED3-4AF6-92D7-C9BAF2F51DCC}.Debug|Any CPU.Build.0 = Debug|Any CPU
		{7CA3CD50-EED3-4AF6-92D7-C9BAF2F51DCC}.Debug|x86.ActiveCfg = Debug|Any CPU
		{7CA3CD50-EED3-4AF6-92D7-C9BAF2F51DCC}.Debug|x86.Build.0 = Debug|Any CPU
		{7CA3CD50-EED3-4AF6-92D7-C9BAF2F51DCC}.Release|Any CPU.ActiveCfg = Release|Any CPU
		{7CA3CD50-EED3-4AF6-92D7-C9BAF2F51DCC}.Release|Any CPU.Build.0 = Release|Any CPU
		{7CA3CD50-EED3-4AF6-92D7-C9BAF2F51DCC}.Release|x86.ActiveCfg = Release|Any CPU
		{7CA3CD50-EED3-4AF6-92D7-C9BAF2F51DCC}.Release|x86.Build.0 = Release|Any CPU
		{618CE14C-31FC-4E1F-AE6B-FC81A61F35C0}.Debug|Any CPU.ActiveCfg = Debug|Any CPU
		{618CE14C-31FC-4E1F-AE6B-FC81A61F35C0}.Debug|Any CPU.Build.0 = Debug|Any CPU
		{618CE14C-31FC-4E1F-AE6B-FC81A61F35C0}.Debug|x86.ActiveCfg = Debug|Any CPU
		{618CE14C-31FC-4E1F-AE6B-FC81A61F35C0}.Debug|x86.Build.0 = Debug|Any CPU
		{618CE14C-31FC-4E1F-AE6B-FC81A61F35C0}.Release|Any CPU.ActiveCfg = Release|Any CPU
		{618CE14C-31FC-4E1F-AE6B-FC81A61F35C0}.Release|Any CPU.Build.0 = Release|Any CPU
		{618CE14C-31FC-4E1F-AE6B-FC81A61F35C0}.Release|x86.ActiveCfg = Release|Any CPU
		{618CE14C-31FC-4E1F-AE6B-FC81A61F35C0}.Release|x86.Build.0 = Release|Any CPU
		{1E00772A-D4B6-489D-9B15-30DA45EE1C1D}.Debug|Any CPU.ActiveCfg = Debug|Any CPU
		{1E00772A-D4B6-489D-9B15-30DA45EE1C1D}.Debug|Any CPU.Build.0 = Debug|Any CPU
		{1E00772A-D4B6-489D-9B15-30DA45EE1C1D}.Debug|x86.ActiveCfg = Debug|Any CPU
		{1E00772A-D4B6-489D-9B15-30DA45EE1C1D}.Debug|x86.Build.0 = Debug|Any CPU
		{1E00772A-D4B6-489D-9B15-30DA45EE1C1D}.Release|Any CPU.ActiveCfg = Release|Any CPU
		{1E00772A-D4B6-489D-9B15-30DA45EE1C1D}.Release|Any CPU.Build.0 = Release|Any CPU
		{1E00772A-D4B6-489D-9B15-30DA45EE1C1D}.Release|x86.ActiveCfg = Release|Any CPU
		{1E00772A-D4B6-489D-9B15-30DA45EE1C1D}.Release|x86.Build.0 = Release|Any CPU
		{366EDA31-01B7-41B0-858D-271D63E5E631}.Debug|Any CPU.ActiveCfg = Debug|x86
		{366EDA31-01B7-41B0-858D-271D63E5E631}.Debug|x86.ActiveCfg = Debug|x86
		{366EDA31-01B7-41B0-858D-271D63E5E631}.Debug|x86.Build.0 = Debug|x86
		{366EDA31-01B7-41B0-858D-271D63E5E631}.Release|Any CPU.ActiveCfg = Release|x86
		{366EDA31-01B7-41B0-858D-271D63E5E631}.Release|x86.ActiveCfg = Release|x86
		{366EDA31-01B7-41B0-858D-271D63E5E631}.Release|x86.Build.0 = Release|x86
	EndGlobalSection
	GlobalSection(SolutionProperties) = preSolution
		HideSolutionNode = FALSE
	EndGlobalSection
EndGlobal
