
Microsoft Visual Studio Solution File, Format Version 12.00
# Visual Studio 14
VisualStudioVersion = 14.0.25420.1
MinimumVisualStudioVersion = 10.0.40219.1
Project("{FAE04EC0-301F-11D3-BF4B-00C04F79EFBC}") = "MES_2.BL", "MES_2\MES_2.BL.csproj", "{7CA3CD50-EED3-4AF6-92D7-C9BAF2F51DCC}"
EndProject
Project("{FAE04EC0-301F-11D3-BF4B-00C04F79EFBC}") = "MES_2.Common", "MES_2.Common\MES_2.Common.csproj", "{618CE14C-31FC-4E1F-AE6B-FC81A61F35C0}"
EndProject
Project("{FAE04EC0-301F-11D3-BF4B-00C04F79EFBC}") = "MES_2.DB", "MES_2.DB\MES_2.DB.csproj", "{1E00772A-D4B6-489D-9B15-30DA45EE1C1D}"
EndProject
Project("{FAE04EC0-301F-11D3-BF4B-00C04F79EFBC}") = "MES_2.VW", "MES_2.VW\MES_2.VW.csproj", "{280EE0CC-22D1-440D-A99E-E0FC88B16A6A}"
EndProject
Project("{FAE04EC0-301F-11D3-BF4B-00C04F79EFBC}") = "MES_2.VM", "MES_2.VM\MES_2.VM.csproj", "{C69FB550-8B35-4D97-A581-B362B238EA5A}"
EndProject
Global
	GlobalSection(SolutionConfigurationPlatforms) = preSolution
		Debug|Any CPU = Debug|Any CPU
		Release|Any CPU = Release|Any CPU
	EndGlobalSection
	GlobalSection(ProjectConfigurationPlatforms) = postSolution
		{7CA3CD50-EED3-4AF6-92D7-C9BAF2F51DCC}.Debug|Any CPU.ActiveCfg = Debug|Any CPU
		{7CA3CD50-EED3-4AF6-92D7-C9BAF2F51DCC}.Debug|Any CPU.Build.0 = Debug|Any CPU
		{7CA3CD50-EED3-4AF6-92D7-C9BAF2F51DCC}.Release|Any CPU.ActiveCfg = Release|Any CPU
		{7CA3CD50-EED3-4AF6-92D7-C9BAF2F51DCC}.Release|Any CPU.Build.0 = Release|Any CPU
		{618CE14C-31FC-4E1F-AE6B-FC81A61F35C0}.Debug|Any CPU.ActiveCfg = Debug|Any CPU
		{618CE14C-31FC-4E1F-AE6B-FC81A61F35C0}.Debug|Any CPU.Build.0 = Debug|Any CPU
		{618CE14C-31FC-4E1F-AE6B-FC81A61F35C0}.Release|Any CPU.ActiveCfg = Release|Any CPU
		{618CE14C-31FC-4E1F-AE6B-FC81A61F35C0}.Release|Any CPU.Build.0 = Release|Any CPU
		{1E00772A-D4B6-489D-9B15-30DA45EE1C1D}.Debug|Any CPU.ActiveCfg = Debug|Any CPU
		{1E00772A-D4B6-489D-9B15-30DA45EE1C1D}.Debug|Any CPU.Build.0 = Debug|Any CPU
		{1E00772A-D4B6-489D-9B15-30DA45EE1C1D}.Release|Any CPU.ActiveCfg = Release|Any CPU
		{1E00772A-D4B6-489D-9B15-30DA45EE1C1D}.Release|Any CPU.Build.0 = Release|Any CPU
		{280EE0CC-22D1-440D-A99E-E0FC88B16A6A}.Debug|Any CPU.ActiveCfg = Debug|Any CPU
		{280EE0CC-22D1-440D-A99E-E0FC88B16A6A}.Debug|Any CPU.Build.0 = Debug|Any CPU
		{280EE0CC-22D1-440D-A99E-E0FC88B16A6A}.Release|Any CPU.ActiveCfg = Release|Any CPU
		{280EE0CC-22D1-440D-A99E-E0FC88B16A6A}.Release|Any CPU.Build.0 = Release|Any CPU
		{C69FB550-8B35-4D97-A581-B362B238EA5A}.Debug|Any CPU.ActiveCfg = Debug|Any CPU
		{C69FB550-8B35-4D97-A581-B362B238EA5A}.Debug|Any CPU.Build.0 = Debug|Any CPU
		{C69FB550-8B35-4D97-A581-B362B238EA5A}.Release|Any CPU.ActiveCfg = Release|Any CPU
		{C69FB550-8B35-4D97-A581-B362B238EA5A}.Release|Any CPU.Build.0 = Release|Any CPU
	EndGlobalSection
	GlobalSection(SolutionProperties) = preSolution
		HideSolutionNode = FALSE
	EndGlobalSection
EndGlobal
